
Microsoft Visual Studio Solution File, Format Version 12.00
# Visual Studio Version 17
VisualStudioVersion = 17.2.32630.192
MinimumVisualStudioVersion = 10.0.40219.1
Project("{9A19103F-16F7-4668-BE54-9A1E7A4F7556}") = "BiggerBatteries", "BiggerBatteries.csproj", "{C94D6FC5-B83A-4F16-AB1D-670C74755A16}"
EndProject
Global
	GlobalSection(SolutionConfigurationPlatforms) = preSolution
		Debug|Any CPU = Debug|Any CPU
		Release|Any CPU = Release|Any CPU
	EndGlobalSection
	GlobalSection(ProjectConfigurationPlatforms) = postSolution
		{C94D6FC5-B83A-4F16-AB1D-670C74755A16}.Debug|Any CPU.ActiveCfg = Debug|Any CPU
		{C94D6FC5-B83A-4F16-AB1D-670C74755A16}.Debug|Any CPU.Build.0 = Debug|Any CPU
		{C94D6FC5-B83A-4F16-AB1D-670C74755A16}.Release|Any CPU.ActiveCfg = Release|Any CPU
		{C94D6FC5-B83A-4F16-AB1D-670C74755A16}.Release|Any CPU.Build.0 = Release|Any CPU
	EndGlobalSection
	GlobalSection(SolutionProperties) = preSolution
		HideSolutionNode = FALSE
	EndGlobalSection
	GlobalSection(ExtensibilityGlobals) = postSolution
		SolutionGuid = {194964FA-AD1D-410A-A6C8-2A85289F50D0}
	EndGlobalSection
EndGlobal
